
Microsoft Visual Studio Solution File, Format Version 12.00
# Visual Studio Version 16
VisualStudioVersion = 16.0.29503.13
MinimumVisualStudioVersion = 10.0.40219.1
Project("{FAE04EC0-301F-11D3-BF4B-00C04F79EFBC}") = "BlackBoard", "BlackBoard\BlackBoard.csproj", "{90379935-A201-4237-A287-1CEA8A4B41AD}"
EndProject
Global
	GlobalSection(SolutionConfigurationPlatforms) = preSolution
		Debug|Any CPU = Debug|Any CPU
		Release|Any CPU = Release|Any CPU
	EndGlobalSection
	GlobalSection(ProjectConfigurationPlatforms) = postSolution
		{90379935-A201-4237-A287-1CEA8A4B41AD}.Debug|Any CPU.ActiveCfg = Debug|Any CPU
		{90379935-A201-4237-A287-1CEA8A4B41AD}.Debug|Any CPU.Build.0 = Debug|Any CPU
		{90379935-A201-4237-A287-1CEA8A4B41AD}.Release|Any CPU.ActiveCfg = Release|Any CPU
		{90379935-A201-4237-A287-1CEA8A4B41AD}.Release|Any CPU.Build.0 = Release|Any CPU
	EndGlobalSection
	GlobalSection(SolutionProperties) = preSolution
		HideSolutionNode = FALSE
	EndGlobalSection
	GlobalSection(ExtensibilityGlobals) = postSolution
		SolutionGuid = {E51DE49A-6F10-43FD-81A6-2C1DFF73BCFD}
	EndGlobalSection
EndGlobal
